// !$*UTF8*$!
{
	archiveVersion = 1;
	classes = {
	};
	objectVersion = 50;
	objects = {

/* Begin PBXBuildFile section */
		6D23DD7724EF37A00066700E /* AppDelegate.swift in Sources */ = {isa = PBXBuildFile; fileRef = 6D23DD7624EF37A00066700E /* AppDelegate.swift */; };
		6D23DD7924EF37A00066700E /* SceneDelegate.swift in Sources */ = {isa = PBXBuildFile; fileRef = 6D23DD7824EF37A00066700E /* SceneDelegate.swift */; };
		6D23DD7B24EF37A00066700E /* ContentView.swift in Sources */ = {isa = PBXBuildFile; fileRef = 6D23DD7A24EF37A00066700E /* ContentView.swift */; };
		6D23DD7D24EF37A20066700E /* Assets.xcassets in Resources */ = {isa = PBXBuildFile; fileRef = 6D23DD7C24EF37A20066700E /* Assets.xcassets */; };
		6D23DD8024EF37A20066700E /* Preview Assets.xcassets in Resources */ = {isa = PBXBuildFile; fileRef = 6D23DD7F24EF37A20066700E /* Preview Assets.xcassets */; };
		6D23DD8324EF37A20066700E /* LaunchScreen.storyboard in Resources */ = {isa = PBXBuildFile; fileRef = 6D23DD8124EF37A20066700E /* LaunchScreen.storyboard */; };
		6D23DD8B24EF402E0066700E /* SongView.swift in Sources */ = {isa = PBXBuildFile; fileRef = 6D23DD8A24EF402E0066700E /* SongView.swift */; };
		6D6A488024EF4A4000B6CD42 /* Response.swift in Sources */ = {isa = PBXBuildFile; fileRef = 6D6A487F24EF4A4000B6CD42 /* Response.swift */; };
		6D6A488224EF4A4F00B6CD42 /* Song.swift in Sources */ = {isa = PBXBuildFile; fileRef = 6D6A488124EF4A4F00B6CD42 /* Song.swift */; };
		6D6A488424EF4B6200B6CD42 /* SongViewModel.swift in Sources */ = {isa = PBXBuildFile; fileRef = 6D6A488324EF4B6200B6CD42 /* SongViewModel.swift */; };
/* End PBXBuildFile section */

/* Begin PBXFileReference section */
		6D23DD7324EF37A00066700E /* SongViewer.app */ = {isa = PBXFileReference; explicitFileType = wrapper.application; includeInIndex = 0; path = SongViewer.app; sourceTree = BUILT_PRODUCTS_DIR; };
		6D23DD7624EF37A00066700E /* AppDelegate.swift */ = {isa = PBXFileReference; lastKnownFileType = sourcecode.swift; path = AppDelegate.swift; sourceTree = "<group>"; };
		6D23DD7824EF37A00066700E /* SceneDelegate.swift */ = {isa = PBXFileReference; lastKnownFileType = sourcecode.swift; path = SceneDelegate.swift; sourceTree = "<group>"; };
		6D23DD7A24EF37A00066700E /* ContentView.swift */ = {isa = PBXFileReference; lastKnownFileType = sourcecode.swift; path = ContentView.swift; sourceTree = "<group>"; };
		6D23DD7C24EF37A20066700E /* Assets.xcassets */ = {isa = PBXFileReference; lastKnownFileType = folder.assetcatalog; path = Assets.xcassets; sourceTree = "<group>"; };
		6D23DD7F24EF37A20066700E /* Preview Assets.xcassets */ = {isa = PBXFileReference; lastKnownFileType = folder.assetcatalog; path = "Preview Assets.xcassets"; sourceTree = "<group>"; };
		6D23DD8224EF37A20066700E /* Base */ = {isa = PBXFileReference; lastKnownFileType = file.storyboard; name = Base; path = Base.lproj/LaunchScreen.storyboard; sourceTree = "<group>"; };
		6D23DD8424EF37A20066700E /* Info.plist */ = {isa = PBXFileReference; lastKnownFileType = text.plist.xml; path = Info.plist; sourceTree = "<group>"; };
		6D23DD8A24EF402E0066700E /* SongView.swift */ = {isa = PBXFileReference; lastKnownFileType = sourcecode.swift; path = SongView.swift; sourceTree = "<group>"; };
		6D6A487F24EF4A4000B6CD42 /* Response.swift */ = {isa = PBXFileReference; lastKnownFileType = sourcecode.swift; path = Response.swift; sourceTree = "<group>"; };
		6D6A488124EF4A4F00B6CD42 /* Song.swift */ = {isa = PBXFileReference; lastKnownFileType = sourcecode.swift; path = Song.swift; sourceTree = "<group>"; };
		6D6A488324EF4B6200B6CD42 /* SongViewModel.swift */ = {isa = PBXFileReference; lastKnownFileType = sourcecode.swift; path = SongViewModel.swift; sourceTree = "<group>"; };
/* End PBXFileReference section */

/* Begin PBXFrameworksBuildPhase section */
		6D23DD7024EF37A00066700E /* Frameworks */ = {
			isa = PBXFrameworksBuildPhase;
			buildActionMask = 2147483647;
			files = (
			);
			runOnlyForDeploymentPostprocessing = 0;
		};
/* End PBXFrameworksBuildPhase section */

/* Begin PBXGroup section */
		6D23DD6A24EF37A00066700E = {
			isa = PBXGroup;
			children = (
				6D23DD7524EF37A00066700E /* SongViewer */,
				6D23DD7424EF37A00066700E /* Products */,
			);
			sourceTree = "<group>";
		};
		6D23DD7424EF37A00066700E /* Products */ = {
			isa = PBXGroup;
			children = (
				6D23DD7324EF37A00066700E /* SongViewer.app */,
			);
			name = Products;
			sourceTree = "<group>";
		};
		6D23DD7524EF37A00066700E /* SongViewer */ = {
			isa = PBXGroup;
			children = (
				6D6A487E24EF496C00B6CD42 /* ViewModels */,
				6D6A487D24EF496600B6CD42 /* Views */,
				6D6A487C24EF496000B6CD42 /* Models */,
				6D23DD7624EF37A00066700E /* AppDelegate.swift */,
				6D23DD7824EF37A00066700E /* SceneDelegate.swift */,
				6D23DD7C24EF37A20066700E /* Assets.xcassets */,
				6D23DD8124EF37A20066700E /* LaunchScreen.storyboard */,
				6D23DD8424EF37A20066700E /* Info.plist */,
				6D23DD7E24EF37A20066700E /* Preview Content */,
			);
			path = SongViewer;
			sourceTree = "<group>";
		};
		6D23DD7E24EF37A20066700E /* Preview Content */ = {
			isa = PBXGroup;
			children = (
				6D23DD7F24EF37A20066700E /* Preview Assets.xcassets */,
			);
			path = "Preview Content";
			sourceTree = "<group>";
		};
		6D6A487C24EF496000B6CD42 /* Models */ = {
			isa = PBXGroup;
			children = (
				6D6A487F24EF4A4000B6CD42 /* Response.swift */,
				6D6A488124EF4A4F00B6CD42 /* Song.swift */,
			);
			path = Models;
			sourceTree = "<group>";
		};
		6D6A487D24EF496600B6CD42 /* Views */ = {
			isa = PBXGroup;
			children = (
				6D23DD7A24EF37A00066700E /* ContentView.swift */,
				6D23DD8A24EF402E0066700E /* SongView.swift */,
			);
			path = Views;
			sourceTree = "<group>";
		};
		6D6A487E24EF496C00B6CD42 /* ViewModels */ = {
			isa = PBXGroup;
			children = (
				6D6A488324EF4B6200B6CD42 /* SongViewModel.swift */,
			);
			path = ViewModels;
			sourceTree = "<group>";
		};
/* End PBXGroup section */

/* Begin PBXNativeTarget section */
		6D23DD7224EF37A00066700E /* SongViewer */ = {
			isa = PBXNativeTarget;
			buildConfigurationList = 6D23DD8724EF37A20066700E /* Build configuration list for PBXNativeTarget "SongViewer" */;
			buildPhases = (
				6D23DD6F24EF37A00066700E /* Sources */,
				6D23DD7024EF37A00066700E /* Frameworks */,
				6D23DD7124EF37A00066700E /* Resources */,
			);
			buildRules = (
			);
			dependencies = (
			);
			name = SongViewer;
			productName = SongViewer;
			productReference = 6D23DD7324EF37A00066700E /* SongViewer.app */;
			productType = "com.apple.product-type.application";
		};
/* End PBXNativeTarget section */

/* Begin PBXProject section */
		6D23DD6B24EF37A00066700E /* Project object */ = {
			isa = PBXProject;
			attributes = {
				LastSwiftUpdateCheck = 1160;
				LastUpgradeCheck = 1160;
				ORGANIZATIONNAME = "Matthew Dias";
				TargetAttributes = {
					6D23DD7224EF37A00066700E = {
						CreatedOnToolsVersion = 11.6;
					};
				};
			};
			buildConfigurationList = 6D23DD6E24EF37A00066700E /* Build configuration list for PBXProject "SongViewer" */;
			compatibilityVersion = "Xcode 9.3";
			developmentRegion = en;
			hasScannedForEncodings = 0;
			knownRegions = (
				en,
				Base,
			);
			mainGroup = 6D23DD6A24EF37A00066700E;
			productRefGroup = 6D23DD7424EF37A00066700E /* Products */;
			projectDirPath = "";
			projectRoot = "";
			targets = (
				6D23DD7224EF37A00066700E /* SongViewer */,
			);
		};
/* End PBXProject section */

/* Begin PBXResourcesBuildPhase section */
		6D23DD7124EF37A00066700E /* Resources */ = {
			isa = PBXResourcesBuildPhase;
			buildActionMask = 2147483647;
			files = (
				6D23DD8324EF37A20066700E /* LaunchScreen.storyboard in Resources */,
				6D23DD8024EF37A20066700E /* Preview Assets.xcassets in Resources */,
				6D23DD7D24EF37A20066700E /* Assets.xcassets in Resources */,
			);
			runOnlyForDeploymentPostprocessing = 0;
		};
/* End PBXResourcesBuildPhase section */

/* Begin PBXSourcesBuildPhase section */
		6D23DD6F24EF37A00066700E /* Sources */ = {
			isa = PBXSourcesBuildPhase;
			buildActionMask = 2147483647;
			files = (
				6D6A488424EF4B6200B6CD42 /* SongViewModel.swift in Sources */,
				6D6A488224EF4A4F00B6CD42 /* Song.swift in Sources */,
				6D23DD7724EF37A00066700E /* AppDelegate.swift in Sources */,
				6D23DD7924EF37A00066700E /* SceneDelegate.swift in Sources */,
				6D23DD7B24EF37A00066700E /* ContentView.swift in Sources */,
				6D23DD8B24EF402E0066700E /* SongView.swift in Sources */,
				6D6A488024EF4A4000B6CD42 /* Response.swift in Sources */,
			);
			runOnlyForDeploymentPostprocessing = 0;
		};
/* End PBXSourcesBuildPhase section */

/* Begin PBXVariantGroup section */
		6D23DD8124EF37A20066700E /* LaunchScreen.storyboard */ = {
			isa = PBXVariantGroup;
			children = (
				6D23DD8224EF37A20066700E /* Base */,
			);
			name = LaunchScreen.storyboard;
			sourceTree = "<group>";
		};
/* End PBXVariantGroup section */

/* Begin XCBuildConfiguration section */
		6D23DD8524EF37A20066700E /* Debug */ = {
			isa = XCBuildConfiguration;
			buildSettings = {
				ALWAYS_SEARCH_USER_PATHS = NO;
				CLANG_ANALYZER_NONNULL = YES;
				CLANG_ANALYZER_NUMBER_OBJECT_CONVERSION = YES_AGGRESSIVE;
				CLANG_CXX_LANGUAGE_STANDARD = "gnu++14";
				CLANG_CXX_LIBRARY = "libc++";
				CLANG_ENABLE_MODULES = YES;
				CLANG_ENABLE_OBJC_ARC = YES;
				CLANG_ENABLE_OBJC_WEAK = YES;
				CLANG_WARN_BLOCK_CAPTURE_AUTORELEASING = YES;
				CLANG_WARN_BOOL_CONVERSION = YES;
				CLANG_WARN_COMMA = YES;
				CLANG_WARN_CONSTANT_CONVERSION = YES;
				CLANG_WARN_DEPRECATED_OBJC_IMPLEMENTATIONS = YES;
				CLANG_WARN_DIRECT_OBJC_ISA_USAGE = YES_ERROR;
				CLANG_WARN_DOCUMENTATION_COMMENTS = YES;
				CLANG_WARN_EMPTY_BODY = YES;
				CLANG_WARN_ENUM_CONVERSION = YES;
				CLANG_WARN_INFINITE_RECURSION = YES;
				CLANG_WARN_INT_CONVERSION = YES;
				CLANG_WARN_NON_LITERAL_NULL_CONVERSION = YES;
				CLANG_WARN_OBJC_IMPLICIT_RETAIN_SELF = YES;
				CLANG_WARN_OBJC_LITERAL_CONVERSION = YES;
				CLANG_WARN_OBJC_ROOT_CLASS = YES_ERROR;
				CLANG_WARN_RANGE_LOOP_ANALYSIS = YES;
				CLANG_WARN_STRICT_PROTOTYPES = YES;
				CLANG_WARN_SUSPICIOUS_MOVE = YES;
				CLANG_WARN_UNGUARDED_AVAILABILITY = YES_AGGRESSIVE;
				CLANG_WARN_UNREACHABLE_CODE = YES;
				CLANG_WARN__DUPLICATE_METHOD_MATCH = YES;
				COPY_PHASE_STRIP = NO;
				DEBUG_INFORMATION_FORMAT = dwarf;
				ENABLE_STRICT_OBJC_MSGSEND = YES;
				ENABLE_TESTABILITY = YES;
				GCC_C_LANGUAGE_STANDARD = gnu11;
				GCC_DYNAMIC_NO_PIC = NO;
				GCC_NO_COMMON_BLOCKS = YES;
				GCC_OPTIMIZATION_LEVEL = 0;
				GCC_PREPROCESSOR_DEFINITIONS = (
					"DEBUG=1",
					"$(inherited)",
				);
				GCC_WARN_64_TO_32_BIT_CONVERSION = YES;
				GCC_WARN_ABOUT_RETURN_TYPE = YES_ERROR;
				GCC_WARN_UNDECLARED_SELECTOR = YES;
				GCC_WARN_UNINITIALIZED_AUTOS = YES_AGGRESSIVE;
				GCC_WARN_UNUSED_FUNCTION = YES;
				GCC_WARN_UNUSED_VARIABLE = YES;
				IPHONEOS_DEPLOYMENT_TARGET = 13.6;
				MTL_ENABLE_DEBUG_INFO = INCLUDE_SOURCE;
				MTL_FAST_MATH = YES;
				ONLY_ACTIVE_ARCH = YES;
				SDKROOT = iphoneos;
				SWIFT_ACTIVE_COMPILATION_CONDITIONS = DEBUG;
				SWIFT_OPTIMIZATION_LEVEL = "-Onone";
			};
			name = Debug;
		};
		6D23DD8624EF37A20066700E /* Release */ = {
			isa = XCBuildConfiguration;
			buildSettings = {
				ALWAYS_SEARCH_USER_PATHS = NO;
				CLANG_ANALYZER_NONNULL = YES;
				CLANG_ANALYZER_NUMBER_OBJECT_CONVERSION = YES_AGGRESSIVE;
				CLANG_CXX_LANGUAGE_STANDARD = "gnu++14";
				CLANG_CXX_LIBRARY = "libc++";
				CLANG_ENABLE_MODULES = YES;
				CLANG_ENABLE_OBJC_ARC = YES;
				CLANG_ENABLE_OBJC_WEAK = YES;
				CLANG_WARN_BLOCK_CAPTURE_AUTORELEASING = YES;
				CLANG_WARN_BOOL_CONVERSION = YES;
				CLANG_WARN_COMMA = YES;
				CLANG_WARN_CONSTANT_CONVERSION = YES;
				CLANG_WARN_DEPRECATED_OBJC_IMPLEMENTATIONS = YES;
				CLANG_WARN_DIRECT_OBJC_ISA_USAGE = YES_ERROR;
				CLANG_WARN_DOCUMENTATION_COMMENTS = YES;
				CLANG_WARN_EMPTY_BODY = YES;
				CLANG_WARN_ENUM_CONVERSION = YES;
				CLANG_WARN_INFINITE_RECURSION = YES;
				CLANG_WARN_INT_CONVERSION = YES;
				CLANG_WARN_NON_LITERAL_NULL_CONVERSION = YES;
				CLANG_WARN_OBJC_IMPLICIT_RETAIN_SELF = YES;
				CLANG_WARN_OBJC_LITERAL_CONVERSION = YES;
				CLANG_WARN_OBJC_ROOT_CLASS = YES_ERROR;
				CLANG_WARN_RANGE_LOOP_ANALYSIS = YES;
				CLANG_WARN_STRICT_PROTOTYPES = YES;
				CLANG_WARN_SUSPICIOUS_MOVE = YES;
				CLANG_WARN_UNGUARDED_AVAILABILITY = YES_AGGRESSIVE;
				CLANG_WARN_UNREACHABLE_CODE = YES;
				CLANG_WARN__DUPLICATE_METHOD_MATCH = YES;
				COPY_PHASE_STRIP = NO;
				DEBUG_INFORMATION_FORMAT = "dwarf-with-dsym";
				ENABLE_NS_ASSERTIONS = NO;
				ENABLE_STRICT_OBJC_MSGSEND = YES;
				GCC_C_LANGUAGE_STANDARD = gnu11;
				GCC_NO_COMMON_BLOCKS = YES;
				GCC_WARN_64_TO_32_BIT_CONVERSION = YES;
				GCC_WARN_ABOUT_RETURN_TYPE = YES_ERROR;
				GCC_WARN_UNDECLARED_SELECTOR = YES;
				GCC_WARN_UNINITIALIZED_AUTOS = YES_AGGRESSIVE;
				GCC_WARN_UNUSED_FUNCTION = YES;
				GCC_WARN_UNUSED_VARIABLE = YES;
				IPHONEOS_DEPLOYMENT_TARGET = 13.6;
				MTL_ENABLE_DEBUG_INFO = NO;
				MTL_FAST_MATH = YES;
				SDKROOT = iphoneos;
				SWIFT_COMPILATION_MODE = wholemodule;
				SWIFT_OPTIMIZATION_LEVEL = "-O";
				VALIDATE_PRODUCT = YES;
			};
			name = Release;
		};
		6D23DD8824EF37A20066700E /* Debug */ = {
			isa = XCBuildConfiguration;
			buildSettings = {
				ASSETCATALOG_COMPILER_APPICON_NAME = AppIcon;
				CODE_SIGN_STYLE = Automatic;
				DEVELOPMENT_ASSET_PATHS = "\"SongViewer/Preview Content\"";
				DEVELOPMENT_TEAM = 3Z4ZDG98FM;
				ENABLE_PREVIEWS = YES;
				INFOPLIST_FILE = SongViewer/Info.plist;
				LD_RUNPATH_SEARCH_PATHS = (
					"$(inherited)",
					"@executable_path/Frameworks",
				);
				PRODUCT_BUNDLE_IDENTIFIER = com.mattdias.SongViewer;
				PRODUCT_NAME = "$(TARGET_NAME)";
				SWIFT_VERSION = 5.0;
				TARGETED_DEVICE_FAMILY = "1,2";
			};
			name = Debug;
		};
		6D23DD8924EF37A20066700E /* Release */ = {
			isa = XCBuildConfiguration;
			buildSettings = {
				ASSETCATALOG_COMPILER_APPICON_NAME = AppIcon;
				CODE_SIGN_STYLE = Automatic;
				DEVELOPMENT_ASSET_PATHS = "\"SongViewer/Preview Content\"";
				DEVELOPMENT_TEAM = 3Z4ZDG98FM;
				ENABLE_PREVIEWS = YES;
				INFOPLIST_FILE = SongViewer/Info.plist;
				LD_RUNPATH_SEARCH_PATHS = (
					"$(inherited)",
					"@executable_path/Frameworks",
				);
				PRODUCT_BUNDLE_IDENTIFIER = com.mattdias.SongViewer;
				PRODUCT_NAME = "$(TARGET_NAME)";
				SWIFT_VERSION = 5.0;
				TARGETED_DEVICE_FAMILY = "1,2";
			};
			name = Release;
		};
/* End XCBuildConfiguration section */

/* Begin XCConfigurationList section */
		6D23DD6E24EF37A00066700E /* Build configuration list for PBXProject "SongViewer" */ = {
			isa = XCConfigurationList;
			buildConfigurations = (
				6D23DD8524EF37A20066700E /* Debug */,
				6D23DD8624EF37A20066700E /* Release */,
			);
			defaultConfigurationIsVisible = 0;
			defaultConfigurationName = Release;
		};
		6D23DD8724EF37A20066700E /* Build configuration list for PBXNativeTarget "SongViewer" */ = {
			isa = XCConfigurationList;
			buildConfigurations = (
				6D23DD8824EF37A20066700E /* Debug */,
				6D23DD8924EF37A20066700E /* Release */,
			);
			defaultConfigurationIsVisible = 0;
			defaultConfigurationName = Release;
		};
/* End XCConfigurationList section */
	};
	rootObject = 6D23DD6B24EF37A00066700E /* Project object */;
}
